// !$*UTF8*$!
{
	archiveVersion = 1;
	classes = {
	};
	objectVersion = 56;
	objects = {

/* Begin PBXBuildFile section */
		B2647781295C28DA00AF9D92 /* MapAppSwiftUIApp.swift in Sources */ = {isa = PBXBuildFile; fileRef = B2647780295C28DA00AF9D92 /* MapAppSwiftUIApp.swift */; };
		B2647788295C28DC00AF9D92 /* Preview Assets.xcassets in Resources */ = {isa = PBXBuildFile; fileRef = B2647787295C28DC00AF9D92 /* Preview Assets.xcassets */; };
		B2647793295C6C3200AF9D92 /* Assets.xcassets in Resources */ = {isa = PBXBuildFile; fileRef = B2647792295C6C3200AF9D92 /* Assets.xcassets */; };
		B2647795295C6C4200AF9D92 /* LocationsDataService.swift in Sources */ = {isa = PBXBuildFile; fileRef = B2647794295C6C4200AF9D92 /* LocationsDataService.swift */; };
		B2647797295C6C6900AF9D92 /* Location.swift in Sources */ = {isa = PBXBuildFile; fileRef = B2647796295C6C6900AF9D92 /* Location.swift */; };
		B2647799295C6DBA00AF9D92 /* LocationsView.swift in Sources */ = {isa = PBXBuildFile; fileRef = B2647798295C6DBA00AF9D92 /* LocationsView.swift */; };
		B264779B295C714200AF9D92 /* LocationsViewModel.swift in Sources */ = {isa = PBXBuildFile; fileRef = B264779A295C714200AF9D92 /* LocationsViewModel.swift */; };
		B2C4A15F295D736A0060A2E8 /* LocationsViewList.swift in Sources */ = {isa = PBXBuildFile; fileRef = B2C4A15E295D736A0060A2E8 /* LocationsViewList.swift */; };
		B2C4A161295D81020060A2E8 /* LocationPreviewView.swift in Sources */ = {isa = PBXBuildFile; fileRef = B2C4A160295D81020060A2E8 /* LocationPreviewView.swift */; };
/* End PBXBuildFile section */

/* Begin PBXFileReference section */
		B264777D295C28DA00AF9D92 /* MapAppSwiftUI.app */ = {isa = PBXFileReference; explicitFileType = wrapper.application; includeInIndex = 0; path = MapAppSwiftUI.app; sourceTree = BUILT_PRODUCTS_DIR; };
		B2647780295C28DA00AF9D92 /* MapAppSwiftUIApp.swift */ = {isa = PBXFileReference; lastKnownFileType = sourcecode.swift; path = MapAppSwiftUIApp.swift; sourceTree = "<group>"; };
		B2647787295C28DC00AF9D92 /* Preview Assets.xcassets */ = {isa = PBXFileReference; lastKnownFileType = folder.assetcatalog; path = "Preview Assets.xcassets"; sourceTree = "<group>"; };
		B2647792295C6C3200AF9D92 /* Assets.xcassets */ = {isa = PBXFileReference; lastKnownFileType = folder.assetcatalog; path = Assets.xcassets; sourceTree = "<group>"; };
		B2647794295C6C4200AF9D92 /* LocationsDataService.swift */ = {isa = PBXFileReference; fileEncoding = 4; lastKnownFileType = sourcecode.swift; path = LocationsDataService.swift; sourceTree = "<group>"; };
		B2647796295C6C6900AF9D92 /* Location.swift */ = {isa = PBXFileReference; lastKnownFileType = sourcecode.swift; path = Location.swift; sourceTree = "<group>"; };
		B2647798295C6DBA00AF9D92 /* LocationsView.swift */ = {isa = PBXFileReference; lastKnownFileType = sourcecode.swift; path = LocationsView.swift; sourceTree = "<group>"; };
		B264779A295C714200AF9D92 /* LocationsViewModel.swift */ = {isa = PBXFileReference; lastKnownFileType = sourcecode.swift; path = LocationsViewModel.swift; sourceTree = "<group>"; };
		B2C4A15E295D736A0060A2E8 /* LocationsViewList.swift */ = {isa = PBXFileReference; lastKnownFileType = sourcecode.swift; path = LocationsViewList.swift; sourceTree = "<group>"; };
		B2C4A160295D81020060A2E8 /* LocationPreviewView.swift */ = {isa = PBXFileReference; lastKnownFileType = sourcecode.swift; path = LocationPreviewView.swift; sourceTree = "<group>"; };
/* End PBXFileReference section */

/* Begin PBXFrameworksBuildPhase section */
		B264777A295C28DA00AF9D92 /* Frameworks */ = {
			isa = PBXFrameworksBuildPhase;
			buildActionMask = 2147483647;
			files = (
			);
			runOnlyForDeploymentPostprocessing = 0;
		};
/* End PBXFrameworksBuildPhase section */

/* Begin PBXGroup section */
		B2647774295C28DA00AF9D92 = {
			isa = PBXGroup;
			children = (
				B264777F295C28DA00AF9D92 /* MapAppSwiftUI */,
				B264777E295C28DA00AF9D92 /* Products */,
			);
			sourceTree = "<group>";
		};
		B264777E295C28DA00AF9D92 /* Products */ = {
			isa = PBXGroup;
			children = (
				B264777D295C28DA00AF9D92 /* MapAppSwiftUI.app */,
			);
			name = Products;
			sourceTree = "<group>";
		};
		B264777F295C28DA00AF9D92 /* MapAppSwiftUI */ = {
			isa = PBXGroup;
			children = (
				B2647791295C6BE100AF9D92 /* DataServices */,
				B2647790295C6BD800AF9D92 /* Model */,
				B264778F295C6BCC00AF9D92 /* ViewModel */,
				B264778E295C6BC400AF9D92 /* View */,
				B2647780295C28DA00AF9D92 /* MapAppSwiftUIApp.swift */,
				B2647792295C6C3200AF9D92 /* Assets.xcassets */,
				B2647786295C28DC00AF9D92 /* Preview Content */,
			);
			path = MapAppSwiftUI;
			sourceTree = "<group>";
		};
		B2647786295C28DC00AF9D92 /* Preview Content */ = {
			isa = PBXGroup;
			children = (
				B2647787295C28DC00AF9D92 /* Preview Assets.xcassets */,
			);
			path = "Preview Content";
			sourceTree = "<group>";
		};
		B264778E295C6BC400AF9D92 /* View */ = {
			isa = PBXGroup;
			children = (
				B2647798295C6DBA00AF9D92 /* LocationsView.swift */,
				B2C4A15E295D736A0060A2E8 /* LocationsViewList.swift */,
				B2C4A160295D81020060A2E8 /* LocationPreviewView.swift */,
			);
			path = View;
			sourceTree = "<group>";
		};
		B264778F295C6BCC00AF9D92 /* ViewModel */ = {
			isa = PBXGroup;
			children = (
				B264779A295C714200AF9D92 /* LocationsViewModel.swift */,
			);
			path = ViewModel;
			sourceTree = "<group>";
		};
		B2647790295C6BD800AF9D92 /* Model */ = {
			isa = PBXGroup;
			children = (
				B2647796295C6C6900AF9D92 /* Location.swift */,
			);
			path = Model;
			sourceTree = "<group>";
		};
		B2647791295C6BE100AF9D92 /* DataServices */ = {
			isa = PBXGroup;
			children = (
				B2647794295C6C4200AF9D92 /* LocationsDataService.swift */,
			);
			path = DataServices;
			sourceTree = "<group>";
		};
/* End PBXGroup section */

/* Begin PBXNativeTarget section */
		B264777C295C28DA00AF9D92 /* MapAppSwiftUI */ = {
			isa = PBXNativeTarget;
			buildConfigurationList = B264778B295C28DC00AF9D92 /* Build configuration list for PBXNativeTarget "MapAppSwiftUI" */;
			buildPhases = (
				B2647779295C28DA00AF9D92 /* Sources */,
				B264777A295C28DA00AF9D92 /* Frameworks */,
				B264777B295C28DA00AF9D92 /* Resources */,
			);
			buildRules = (
			);
			dependencies = (
			);
			name = MapAppSwiftUI;
			productName = MapAppSwiftUI;
			productReference = B264777D295C28DA00AF9D92 /* MapAppSwiftUI.app */;
			productType = "com.apple.product-type.application";
		};
/* End PBXNativeTarget section */

/* Begin PBXProject section */
		B2647775295C28DA00AF9D92 /* Project object */ = {
			isa = PBXProject;
			attributes = {
				BuildIndependentTargetsInParallel = 1;
				LastSwiftUpdateCheck = 1420;
				LastUpgradeCheck = 1420;
				TargetAttributes = {
					B264777C295C28DA00AF9D92 = {
						CreatedOnToolsVersion = 14.2;
					};
				};
			};
			buildConfigurationList = B2647778295C28DA00AF9D92 /* Build configuration list for PBXProject "MapAppSwiftUI" */;
			compatibilityVersion = "Xcode 14.0";
			developmentRegion = en;
			hasScannedForEncodings = 0;
			knownRegions = (
				en,
				Base,
			);
			mainGroup = B2647774295C28DA00AF9D92;
			productRefGroup = B264777E295C28DA00AF9D92 /* Products */;
			projectDirPath = "";
			projectRoot = "";
			targets = (
				B264777C295C28DA00AF9D92 /* MapAppSwiftUI */,
			);
		};
/* End PBXProject section */

/* Begin PBXResourcesBuildPhase section */
		B264777B295C28DA00AF9D92 /* Resources */ = {
			isa = PBXResourcesBuildPhase;
			buildActionMask = 2147483647;
			files = (
				B2647793295C6C3200AF9D92 /* Assets.xcassets in Resources */,
				B2647788295C28DC00AF9D92 /* Preview Assets.xcassets in Resources */,
			);
			runOnlyForDeploymentPostprocessing = 0;
		};
/* End PBXResourcesBuildPhase section */

/* Begin PBXSourcesBuildPhase section */
		B2647779295C28DA00AF9D92 /* Sources */ = {
			isa = PBXSourcesBuildPhase;
			buildActionMask = 2147483647;
			files = (
				B2647795295C6C4200AF9D92 /* LocationsDataService.swift in Sources */,
				B2647799295C6DBA00AF9D92 /* LocationsView.swift in Sources */,
				B2647797295C6C6900AF9D92 /* Location.swift in Sources */,
				B2C4A15F295D736A0060A2E8 /* LocationsViewList.swift in Sources */,
				B2C4A161295D81020060A2E8 /* LocationPreviewView.swift in Sources */,
				B2647781295C28DA00AF9D92 /* MapAppSwiftUIApp.swift in Sources */,
				B264779B295C714200AF9D92 /* LocationsViewModel.swift in Sources */,
			);
			runOnlyForDeploymentPostprocessing = 0;
		};
/* End PBXSourcesBuildPhase section */

/* Begin XCBuildConfiguration section */
		B2647789295C28DC00AF9D92 /* Debug */ = {
			isa = XCBuildConfiguration;
			buildSettings = {
				ALWAYS_SEARCH_USER_PATHS = NO;
				CLANG_ANALYZER_NONNULL = YES;
				CLANG_ANALYZER_NUMBER_OBJECT_CONVERSION = YES_AGGRESSIVE;
				CLANG_CXX_LANGUAGE_STANDARD = "gnu++20";
				CLANG_ENABLE_MODULES = YES;
				CLANG_ENABLE_OBJC_ARC = YES;
				CLANG_ENABLE_OBJC_WEAK = YES;
				CLANG_WARN_BLOCK_CAPTURE_AUTORELEASING = YES;
				CLANG_WARN_BOOL_CONVERSION = YES;
				CLANG_WARN_COMMA = YES;
				CLANG_WARN_CONSTANT_CONVERSION = YES;
				CLANG_WARN_DEPRECATED_OBJC_IMPLEMENTATIONS = YES;
				CLANG_WARN_DIRECT_OBJC_ISA_USAGE = YES_ERROR;
				CLANG_WARN_DOCUMENTATION_COMMENTS = YES;
				CLANG_WARN_EMPTY_BODY = YES;
				CLANG_WARN_ENUM_CONVERSION = YES;
				CLANG_WARN_INFINITE_RECURSION = YES;
				CLANG_WARN_INT_CONVERSION = YES;
				CLANG_WARN_NON_LITERAL_NULL_CONVERSION = YES;
				CLANG_WARN_OBJC_IMPLICIT_RETAIN_SELF = YES;
				CLANG_WARN_OBJC_LITERAL_CONVERSION = YES;
				CLANG_WARN_OBJC_ROOT_CLASS = YES_ERROR;
				CLANG_WARN_QUOTED_INCLUDE_IN_FRAMEWORK_HEADER = YES;
				CLANG_WARN_RANGE_LOOP_ANALYSIS = YES;
				CLANG_WARN_STRICT_PROTOTYPES = YES;
				CLANG_WARN_SUSPICIOUS_MOVE = YES;
				CLANG_WARN_UNGUARDED_AVAILABILITY = YES_AGGRESSIVE;
				CLANG_WARN_UNREACHABLE_CODE = YES;
				CLANG_WARN__DUPLICATE_METHOD_MATCH = YES;
				COPY_PHASE_STRIP = NO;
				DEBUG_INFORMATION_FORMAT = dwarf;
				ENABLE_STRICT_OBJC_MSGSEND = YES;
				ENABLE_TESTABILITY = YES;
				GCC_C_LANGUAGE_STANDARD = gnu11;
				GCC_DYNAMIC_NO_PIC = NO;
				GCC_NO_COMMON_BLOCKS = YES;
				GCC_OPTIMIZATION_LEVEL = 0;
				GCC_PREPROCESSOR_DEFINITIONS = (
					"DEBUG=1",
					"$(inherited)",
				);
				GCC_WARN_64_TO_32_BIT_CONVERSION = YES;
				GCC_WARN_ABOUT_RETURN_TYPE = YES_ERROR;
				GCC_WARN_UNDECLARED_SELECTOR = YES;
				GCC_WARN_UNINITIALIZED_AUTOS = YES_AGGRESSIVE;
				GCC_WARN_UNUSED_FUNCTION = YES;
				GCC_WARN_UNUSED_VARIABLE = YES;
				IPHONEOS_DEPLOYMENT_TARGET = 16.2;
				MTL_ENABLE_DEBUG_INFO = INCLUDE_SOURCE;
				MTL_FAST_MATH = YES;
				ONLY_ACTIVE_ARCH = YES;
				SDKROOT = iphoneos;
				SWIFT_ACTIVE_COMPILATION_CONDITIONS = DEBUG;
				SWIFT_OPTIMIZATION_LEVEL = "-Onone";
			};
			name = Debug;
		};
		B264778A295C28DC00AF9D92 /* Release */ = {
			isa = XCBuildConfiguration;
			buildSettings = {
				ALWAYS_SEARCH_USER_PATHS = NO;
				CLANG_ANALYZER_NONNULL = YES;
				CLANG_ANALYZER_NUMBER_OBJECT_CONVERSION = YES_AGGRESSIVE;
				CLANG_CXX_LANGUAGE_STANDARD = "gnu++20";
				CLANG_ENABLE_MODULES = YES;
				CLANG_ENABLE_OBJC_ARC = YES;
				CLANG_ENABLE_OBJC_WEAK = YES;
				CLANG_WARN_BLOCK_CAPTURE_AUTORELEASING = YES;
				CLANG_WARN_BOOL_CONVERSION = YES;
				CLANG_WARN_COMMA = YES;
				CLANG_WARN_CONSTANT_CONVERSION = YES;
				CLANG_WARN_DEPRECATED_OBJC_IMPLEMENTATIONS = YES;
				CLANG_WARN_DIRECT_OBJC_ISA_USAGE = YES_ERROR;
				CLANG_WARN_DOCUMENTATION_COMMENTS = YES;
				CLANG_WARN_EMPTY_BODY = YES;
				CLANG_WARN_ENUM_CONVERSION = YES;
				CLANG_WARN_INFINITE_RECURSION = YES;
				CLANG_WARN_INT_CONVERSION = YES;
				CLANG_WARN_NON_LITERAL_NULL_CONVERSION = YES;
				CLANG_WARN_OBJC_IMPLICIT_RETAIN_SELF = YES;
				CLANG_WARN_OBJC_LITERAL_CONVERSION = YES;
				CLANG_WARN_OBJC_ROOT_CLASS = YES_ERROR;
				CLANG_WARN_QUOTED_INCLUDE_IN_FRAMEWORK_HEADER = YES;
				CLANG_WARN_RANGE_LOOP_ANALYSIS = YES;
				CLANG_WARN_STRICT_PROTOTYPES = YES;
				CLANG_WARN_SUSPICIOUS_MOVE = YES;
				CLANG_WARN_UNGUARDED_AVAILABILITY = YES_AGGRESSIVE;
				CLANG_WARN_UNREACHABLE_CODE = YES;
				CLANG_WARN__DUPLICATE_METHOD_MATCH = YES;
				COPY_PHASE_STRIP = NO;
				DEBUG_INFORMATION_FORMAT = "dwarf-with-dsym";
				ENABLE_NS_ASSERTIONS = NO;
				ENABLE_STRICT_OBJC_MSGSEND = YES;
				GCC_C_LANGUAGE_STANDARD = gnu11;
				GCC_NO_COMMON_BLOCKS = YES;
				GCC_WARN_64_TO_32_BIT_CONVERSION = YES;
				GCC_WARN_ABOUT_RETURN_TYPE = YES_ERROR;
				GCC_WARN_UNDECLARED_SELECTOR = YES;
				GCC_WARN_UNINITIALIZED_AUTOS = YES_AGGRESSIVE;
				GCC_WARN_UNUSED_FUNCTION = YES;
				GCC_WARN_UNUSED_VARIABLE = YES;
				IPHONEOS_DEPLOYMENT_TARGET = 16.2;
				MTL_ENABLE_DEBUG_INFO = NO;
				MTL_FAST_MATH = YES;
				SDKROOT = iphoneos;
				SWIFT_COMPILATION_MODE = wholemodule;
				SWIFT_OPTIMIZATION_LEVEL = "-O";
				VALIDATE_PRODUCT = YES;
			};
			name = Release;
		};
		B264778C295C28DC00AF9D92 /* Debug */ = {
			isa = XCBuildConfiguration;
			buildSettings = {
				ASSETCATALOG_COMPILER_APPICON_NAME = AppIcon;
				ASSETCATALOG_COMPILER_GLOBAL_ACCENT_COLOR_NAME = AccentColor;
				CODE_SIGN_STYLE = Automatic;
				CURRENT_PROJECT_VERSION = 1;
				DEVELOPMENT_ASSET_PATHS = "\"MapAppSwiftUI/Preview Content\"";
				ENABLE_PREVIEWS = YES;
				GENERATE_INFOPLIST_FILE = YES;
				INFOPLIST_KEY_UIApplicationSceneManifest_Generation = YES;
				INFOPLIST_KEY_UIApplicationSupportsIndirectInputEvents = YES;
				INFOPLIST_KEY_UILaunchScreen_Generation = YES;
				INFOPLIST_KEY_UISupportedInterfaceOrientations_iPad = "UIInterfaceOrientationPortrait UIInterfaceOrientationPortraitUpsideDown UIInterfaceOrientationLandscapeLeft UIInterfaceOrientationLandscapeRight";
				INFOPLIST_KEY_UISupportedInterfaceOrientations_iPhone = "UIInterfaceOrientationPortrait UIInterfaceOrientationLandscapeLeft UIInterfaceOrientationLandscapeRight";
				LD_RUNPATH_SEARCH_PATHS = (
					"$(inherited)",
					"@executable_path/Frameworks",
				);
				MARKETING_VERSION = 1.0;
				PRODUCT_BUNDLE_IDENTIFIER = Abdallah.MapAppSwiftUI;
				PRODUCT_NAME = "$(TARGET_NAME)";
				SWIFT_EMIT_LOC_STRINGS = YES;
				SWIFT_VERSION = 5.0;
				TARGETED_DEVICE_FAMILY = "1,2";
			};
			name = Debug;
		};
		B264778D295C28DC00AF9D92 /* Release */ = {
			isa = XCBuildConfiguration;
			buildSettings = {
				ASSETCATALOG_COMPILER_APPICON_NAME = AppIcon;
				ASSETCATALOG_COMPILER_GLOBAL_ACCENT_COLOR_NAME = AccentColor;
				CODE_SIGN_STYLE = Automatic;
				CURRENT_PROJECT_VERSION = 1;
				DEVELOPMENT_ASSET_PATHS = "\"MapAppSwiftUI/Preview Content\"";
				ENABLE_PREVIEWS = YES;
				GENERATE_INFOPLIST_FILE = YES;
				INFOPLIST_KEY_UIApplicationSceneManifest_Generation = YES;
				INFOPLIST_KEY_UIApplicationSupportsIndirectInputEvents = YES;
				INFOPLIST_KEY_UILaunchScreen_Generation = YES;
				INFOPLIST_KEY_UISupportedInterfaceOrientations_iPad = "UIInterfaceOrientationPortrait UIInterfaceOrientationPortraitUpsideDown UIInterfaceOrientationLandscapeLeft UIInterfaceOrientationLandscapeRight";
				INFOPLIST_KEY_UISupportedInterfaceOrientations_iPhone = "UIInterfaceOrientationPortrait UIInterfaceOrientationLandscapeLeft UIInterfaceOrientationLandscapeRight";
				LD_RUNPATH_SEARCH_PATHS = (
					"$(inherited)",
					"@executable_path/Frameworks",
				);
				MARKETING_VERSION = 1.0;
				PRODUCT_BUNDLE_IDENTIFIER = Abdallah.MapAppSwiftUI;
				PRODUCT_NAME = "$(TARGET_NAME)";
				SWIFT_EMIT_LOC_STRINGS = YES;
				SWIFT_VERSION = 5.0;
				TARGETED_DEVICE_FAMILY = "1,2";
			};
			name = Release;
		};
/* End XCBuildConfiguration section */

/* Begin XCConfigurationList section */
		B2647778295C28DA00AF9D92 /* Build configuration list for PBXProject "MapAppSwiftUI" */ = {
			isa = XCConfigurationList;
			buildConfigurations = (
				B2647789295C28DC00AF9D92 /* Debug */,
				B264778A295C28DC00AF9D92 /* Release */,
			);
			defaultConfigurationIsVisible = 0;
			defaultConfigurationName = Release;
		};
		B264778B295C28DC00AF9D92 /* Build configuration list for PBXNativeTarget "MapAppSwiftUI" */ = {
			isa = XCConfigurationList;
			buildConfigurations = (
				B264778C295C28DC00AF9D92 /* Debug */,
				B264778D295C28DC00AF9D92 /* Release */,
			);
			defaultConfigurationIsVisible = 0;
			defaultConfigurationName = Release;
		};
/* End XCConfigurationList section */
	};
	rootObject = B2647775295C28DA00AF9D92 /* Project object */;
}
